
Microsoft Visual Studio Solution File, Format Version 12.00
# Visual Studio Version 16
VisualStudioVersion = 16.0.29806.167
MinimumVisualStudioVersion = 10.0.40219.1
Project("{9A19103F-16F7-4668-BE54-9A1E7A4F7556}") = "VerboseCore", "VerboseCore\VerboseCore.csproj", "{DFF1BB41-090B-45DB-AF67-BD34366B7272}"
EndProject
Project("{9A19103F-16F7-4668-BE54-9A1E7A4F7556}") = "VerboseTests", "VerboseTests\VerboseTests.csproj", "{513B814D-0805-4862-A125-6F44275AC3B2}"
	ProjectSection(ProjectDependencies) = postProject
		{41496E86-E98A-4800-B35B-EEB7D544758A} = {41496E86-E98A-4800-B35B-EEB7D544758A}
	EndProjectSection
EndProject
Project("{9A19103F-16F7-4668-BE54-9A1E7A4F7556}") = "VerboseCLI", "VerboseCLI\VerboseCLI.csproj", "{41496E86-E98A-4800-B35B-EEB7D544758A}"
EndProject
Global
	GlobalSection(SolutionConfigurationPlatforms) = preSolution
		Debug|Any CPU = Debug|Any CPU
		Release|Any CPU = Release|Any CPU
	EndGlobalSection
	GlobalSection(ProjectConfigurationPlatforms) = postSolution
		{DFF1BB41-090B-45DB-AF67-BD34366B7272}.Debug|Any CPU.ActiveCfg = Debug|Any CPU
		{DFF1BB41-090B-45DB-AF67-BD34366B7272}.Debug|Any CPU.Build.0 = Debug|Any CPU
		{DFF1BB41-090B-45DB-AF67-BD34366B7272}.Release|Any CPU.ActiveCfg = Release|Any CPU
		{DFF1BB41-090B-45DB-AF67-BD34366B7272}.Release|Any CPU.Build.0 = Release|Any CPU
		{513B814D-0805-4862-A125-6F44275AC3B2}.Debug|Any CPU.ActiveCfg = Debug|Any CPU
		{513B814D-0805-4862-A125-6F44275AC3B2}.Debug|Any CPU.Build.0 = Debug|Any CPU
		{513B814D-0805-4862-A125-6F44275AC3B2}.Release|Any CPU.ActiveCfg = Release|Any CPU
		{513B814D-0805-4862-A125-6F44275AC3B2}.Release|Any CPU.Build.0 = Release|Any CPU
		{41496E86-E98A-4800-B35B-EEB7D544758A}.Debug|Any CPU.ActiveCfg = Debug|Any CPU
		{41496E86-E98A-4800-B35B-EEB7D544758A}.Debug|Any CPU.Build.0 = Debug|Any CPU
		{41496E86-E98A-4800-B35B-EEB7D544758A}.Release|Any CPU.ActiveCfg = Release|Any CPU
		{41496E86-E98A-4800-B35B-EEB7D544758A}.Release|Any CPU.Build.0 = Release|Any CPU
	EndGlobalSection
	GlobalSection(SolutionProperties) = preSolution
		HideSolutionNode = FALSE
	EndGlobalSection
	GlobalSection(ExtensibilityGlobals) = postSolution
		SolutionGuid = {64776104-0179-45BE-B387-C63B418236DE}
	EndGlobalSection
EndGlobal
